
Microsoft Visual Studio Solution File, Format Version 12.00
# Visual Studio Version 17
VisualStudioVersion = 17.11.35312.102
MinimumVisualStudioVersion = 10.0.40219.1
Project("{9A19103F-16F7-4668-BE54-9A1E7A4F7556}") = "Domain", "Domain\Domain.csproj", "{AAB66929-3BAA-4BAF-B513-CE299924906B}"
EndProject
Project("{9A19103F-16F7-4668-BE54-9A1E7A4F7556}") = "Data", "Data\Data.csproj", "{B13C3111-54CE-415E-B0EC-6C022E015C64}"
EndProject
Project("{9A19103F-16F7-4668-BE54-9A1E7A4F7556}") = "Api", "Api\Api.csproj", "{3C203CF5-B4FB-465B-BDAB-C0174D417F5B}"
EndProject
Project("{2150E333-8FDC-42A3-9474-1A3956D46DE8}") = "Solution Items", "Solution Items", "{D2A15FC6-C70B-44F1-BA38-36971B9D28AF}"
	ProjectSection(SolutionItems) = preProject
		.editorconfig = .editorconfig
		Migration_Commands.txt = Migration_Commands.txt
	EndProjectSection
EndProject
Project("{9A19103F-16F7-4668-BE54-9A1E7A4F7556}") = "Service", "Services\Service.csproj", "{E227F7B0-8E08-4E98-B0D7-15A099334019}"
EndProject
Global
	GlobalSection(SolutionConfigurationPlatforms) = preSolution
		Debug|Any CPU = Debug|Any CPU
		Release|Any CPU = Release|Any CPU
	EndGlobalSection
	GlobalSection(ProjectConfigurationPlatforms) = postSolution
		{AAB66929-3BAA-4BAF-B513-CE299924906B}.Debug|Any CPU.ActiveCfg = Debug|Any CPU
		{AAB66929-3BAA-4BAF-B513-CE299924906B}.Debug|Any CPU.Build.0 = Debug|Any CPU
		{AAB66929-3BAA-4BAF-B513-CE299924906B}.Release|Any CPU.ActiveCfg = Release|Any CPU
		{AAB66929-3BAA-4BAF-B513-CE299924906B}.Release|Any CPU.Build.0 = Release|Any CPU
		{B13C3111-54CE-415E-B0EC-6C022E015C64}.Debug|Any CPU.ActiveCfg = Debug|Any CPU
		{B13C3111-54CE-415E-B0EC-6C022E015C64}.Debug|Any CPU.Build.0 = Debug|Any CPU
		{B13C3111-54CE-415E-B0EC-6C022E015C64}.Release|Any CPU.ActiveCfg = Release|Any CPU
		{B13C3111-54CE-415E-B0EC-6C022E015C64}.Release|Any CPU.Build.0 = Release|Any CPU
		{3C203CF5-B4FB-465B-BDAB-C0174D417F5B}.Debug|Any CPU.ActiveCfg = Debug|Any CPU
		{3C203CF5-B4FB-465B-BDAB-C0174D417F5B}.Debug|Any CPU.Build.0 = Debug|Any CPU
		{3C203CF5-B4FB-465B-BDAB-C0174D417F5B}.Release|Any CPU.ActiveCfg = Release|Any CPU
		{3C203CF5-B4FB-465B-BDAB-C0174D417F5B}.Release|Any CPU.Build.0 = Release|Any CPU
		{E227F7B0-8E08-4E98-B0D7-15A099334019}.Debug|Any CPU.ActiveCfg = Debug|Any CPU
		{E227F7B0-8E08-4E98-B0D7-15A099334019}.Debug|Any CPU.Build.0 = Debug|Any CPU
		{E227F7B0-8E08-4E98-B0D7-15A099334019}.Release|Any CPU.ActiveCfg = Release|Any CPU
		{E227F7B0-8E08-4E98-B0D7-15A099334019}.Release|Any CPU.Build.0 = Release|Any CPU
	EndGlobalSection
	GlobalSection(SolutionProperties) = preSolution
		HideSolutionNode = FALSE
	EndGlobalSection
	GlobalSection(ExtensibilityGlobals) = postSolution
		SolutionGuid = {2736443A-C8C1-426E-8C57-F9459A7B6CC4}
	EndGlobalSection
EndGlobal
